// !$*UTF8*$!
{
	archiveVersion = 1;
	classes = {
	};
	objectVersion = 46;
	objects = {

/* Begin PBXBuildFile section */
		CF5303A01CE9842200E72829 /* AppDelegate.swift in Sources */ = {isa = PBXBuildFile; fileRef = CF53039F1CE9842200E72829 /* AppDelegate.swift */; };
		CF5303A21CE9842200E72829 /* ViewController.swift in Sources */ = {isa = PBXBuildFile; fileRef = CF5303A11CE9842200E72829 /* ViewController.swift */; };
		CF5303A51CE9842200E72829 /* Main.storyboard in Resources */ = {isa = PBXBuildFile; fileRef = CF5303A31CE9842200E72829 /* Main.storyboard */; };
		CF5303A71CE9842200E72829 /* Assets.xcassets in Resources */ = {isa = PBXBuildFile; fileRef = CF5303A61CE9842200E72829 /* Assets.xcassets */; };
		CF5303AA1CE9842200E72829 /* LaunchScreen.storyboard in Resources */ = {isa = PBXBuildFile; fileRef = CF5303A81CE9842200E72829 /* LaunchScreen.storyboard */; };
/* End PBXBuildFile section */

/* Begin PBXFileReference section */
		CF53039C1CE9842200E72829 /* GoodLuck.app */ = {isa = PBXFileReference; explicitFileType = wrapper.application; includeInIndex = 0; path = GoodLuck.app; sourceTree = BUILT_PRODUCTS_DIR; };
		CF53039F1CE9842200E72829 /* AppDelegate.swift */ = {isa = PBXFileReference; lastKnownFileType = sourcecode.swift; path = AppDelegate.swift; sourceTree = "<group>"; };
		CF5303A11CE9842200E72829 /* ViewController.swift */ = {isa = PBXFileReference; lastKnownFileType = sourcecode.swift; path = ViewController.swift; sourceTree = "<group>"; };
		CF5303A41CE9842200E72829 /* Base */ = {isa = PBXFileReference; lastKnownFileType = file.storyboard; name = Base; path = Base.lproj/Main.storyboard; sourceTree = "<group>"; };
		CF5303A61CE9842200E72829 /* Assets.xcassets */ = {isa = PBXFileReference; lastKnownFileType = folder.assetcatalog; path = Assets.xcassets; sourceTree = "<group>"; };
		CF5303A91CE9842200E72829 /* Base */ = {isa = PBXFileReference; lastKnownFileType = file.storyboard; name = Base; path = Base.lproj/LaunchScreen.storyboard; sourceTree = "<group>"; };
		CF5303AB1CE9842200E72829 /* Info.plist */ = {isa = PBXFileReference; lastKnownFileType = text.plist.xml; path = Info.plist; sourceTree = "<group>"; };
/* End PBXFileReference section */

/* Begin PBXFrameworksBuildPhase section */
		CF5303991CE9842100E72829 /* Frameworks */ = {
			isa = PBXFrameworksBuildPhase;
			buildActionMask = 2147483647;
			files = (
			);
			runOnlyForDeploymentPostprocessing = 0;
		};
/* End PBXFrameworksBuildPhase section */

/* Begin PBXGroup section */
		CF5303931CE9842100E72829 = {
			isa = PBXGroup;
			children = (
				CF53039E1CE9842200E72829 /* GoodLuck */,
				CF53039D1CE9842200E72829 /* Products */,
			);
			sourceTree = "<group>";
		};
		CF53039D1CE9842200E72829 /* Products */ = {
			isa = PBXGroup;
			children = (
				CF53039C1CE9842200E72829 /* GoodLuck.app */,
			);
			name = Products;
			sourceTree = "<group>";
		};
		CF53039E1CE9842200E72829 /* GoodLuck */ = {
			isa = PBXGroup;
			children = (
				CF53039F1CE9842200E72829 /* AppDelegate.swift */,
				CF5303A11CE9842200E72829 /* ViewController.swift */,
				CF5303A31CE9842200E72829 /* Main.storyboard */,
				CF5303A61CE9842200E72829 /* Assets.xcassets */,
				CF5303A81CE9842200E72829 /* LaunchScreen.storyboard */,
				CF5303AB1CE9842200E72829 /* Info.plist */,
			);
			path = GoodLuck;
			sourceTree = "<group>";
		};
/* End PBXGroup section */

/* Begin PBXNativeTarget section */
		CF53039B1CE9842100E72829 /* GoodLuck */ = {
			isa = PBXNativeTarget;
			buildConfigurationList = CF5303AE1CE9842200E72829 /* Build configuration list for PBXNativeTarget "GoodLuck" */;
			buildPhases = (
				CF5303981CE9842100E72829 /* Sources */,
				CF5303991CE9842100E72829 /* Frameworks */,
				CF53039A1CE9842100E72829 /* Resources */,
			);
			buildRules = (
			);
			dependencies = (
			);
			name = GoodLuck;
			productName = GoodLuck;
			productReference = CF53039C1CE9842200E72829 /* GoodLuck.app */;
			productType = "com.apple.product-type.application";
		};
/* End PBXNativeTarget section */

/* Begin PBXProject section */
		CF5303941CE9842100E72829 /* Project object */ = {
			isa = PBXProject;
			attributes = {
				LastSwiftUpdateCheck = 0730;
				LastUpgradeCheck = 0730;
				ORGANIZATIONNAME = BJ.y;
				TargetAttributes = {
					CF53039B1CE9842100E72829 = {
						CreatedOnToolsVersion = 7.3.1;
					};
				};
			};
			buildConfigurationList = CF5303971CE9842100E72829 /* Build configuration list for PBXProject "GoodLuck" */;
			compatibilityVersion = "Xcode 3.2";
			developmentRegion = English;
			hasScannedForEncodings = 0;
			knownRegions = (
				en,
				Base,
			);
			mainGroup = CF5303931CE9842100E72829;
			productRefGroup = CF53039D1CE9842200E72829 /* Products */;
			projectDirPath = "";
			projectRoot = "";
			targets = (
				CF53039B1CE9842100E72829 /* GoodLuck */,
			);
		};
/* End PBXProject section */

/* Begin PBXResourcesBuildPhase section */
		CF53039A1CE9842100E72829 /* Resources */ = {
			isa = PBXResourcesBuildPhase;
			buildActionMask = 2147483647;
			files = (
				CF5303AA1CE9842200E72829 /* LaunchScreen.storyboard in Resources */,
				CF5303A71CE9842200E72829 /* Assets.xcassets in Resources */,
				CF5303A51CE9842200E72829 /* Main.storyboard in Resources */,
			);
			runOnlyForDeploymentPostprocessing = 0;
		};
/* End PBXResourcesBuildPhase section */

/* Begin PBXSourcesBuildPhase section */
		CF5303981CE9842100E72829 /* Sources */ = {
			isa = PBXSourcesBuildPhase;
			buildActionMask = 2147483647;
			files = (
				CF5303A21CE9842200E72829 /* ViewController.swift in Sources */,
				CF5303A01CE9842200E72829 /* AppDelegate.swift in Sources */,
			);
			runOnlyForDeploymentPostprocessing = 0;
		};
/* End PBXSourcesBuildPhase section */

/* Begin PBXVariantGroup section */
		CF5303A31CE9842200E72829 /* Main.storyboard */ = {
			isa = PBXVariantGroup;
			children = (
				CF5303A41CE9842200E72829 /* Base */,
			);
			name = Main.storyboard;
			sourceTree = "<group>";
		};
		CF5303A81CE9842200E72829 /* LaunchScreen.storyboard */ = {
			isa = PBXVariantGroup;
			children = (
				CF5303A91CE9842200E72829 /* Base */,
			);
			name = LaunchScreen.storyboard;
			sourceTree = "<group>";
		};
/* End PBXVariantGroup section */

/* Begin XCBuildConfiguration section */
		CF5303AC1CE9842200E72829 /* Debug */ = {
			isa = XCBuildConfiguration;
			buildSettings = {
				ALWAYS_SEARCH_USER_PATHS = NO;
				CLANG_ANALYZER_NONNULL = YES;
				CLANG_CXX_LANGUAGE_STANDARD = "gnu++0x";
				CLANG_CXX_LIBRARY = "libc++";
				CLANG_ENABLE_MODULES = YES;
				CLANG_ENABLE_OBJC_ARC = YES;
				CLANG_WARN_BOOL_CONVERSION = YES;
				CLANG_WARN_CONSTANT_CONVERSION = YES;
				CLANG_WARN_DIRECT_OBJC_ISA_USAGE = YES_ERROR;
				CLANG_WARN_EMPTY_BODY = YES;
				CLANG_WARN_ENUM_CONVERSION = YES;
				CLANG_WARN_INT_CONVERSION = YES;
				CLANG_WARN_OBJC_ROOT_CLASS = YES_ERROR;
				CLANG_WARN_UNREACHABLE_CODE = YES;
				CLANG_WARN__DUPLICATE_METHOD_MATCH = YES;
				CODE_SIGN_IDENTITY = "iPhone Developer: kun zhang (4VY7LV2J65)";
				COPY_PHASE_STRIP = NO;
				DEBUG_INFORMATION_FORMAT = dwarf;
				ENABLE_STRICT_OBJC_MSGSEND = YES;
				ENABLE_TESTABILITY = YES;
				GCC_C_LANGUAGE_STANDARD = gnu99;
				GCC_DYNAMIC_NO_PIC = NO;
				GCC_NO_COMMON_BLOCKS = YES;
				GCC_OPTIMIZATION_LEVEL = 0;
				GCC_PREPROCESSOR_DEFINITIONS = (
					"DEBUG=1",
					"$(inherited)",
				);
				GCC_WARN_64_TO_32_BIT_CONVERSION = YES;
				GCC_WARN_ABOUT_RETURN_TYPE = YES_ERROR;
				GCC_WARN_UNDECLARED_SELECTOR = YES;
				GCC_WARN_UNINITIALIZED_AUTOS = YES_AGGRESSIVE;
				GCC_WARN_UNUSED_FUNCTION = YES;
				GCC_WARN_UNUSED_VARIABLE = YES;
				IPHONEOS_DEPLOYMENT_TARGET = 9.3;
				MTL_ENABLE_DEBUG_INFO = YES;
				ONLY_ACTIVE_ARCH = YES;
				PROVISIONING_PROFILE = "830e44ae-8647-45aa-972d-30c2329fa16b";
				SDKROOT = iphoneos;
				SWIFT_OPTIMIZATION_LEVEL = "-Onone";
			};
			name = Debug;
		};
		CF5303AD1CE9842200E72829 /* Release */ = {
			isa = XCBuildConfiguration;
			buildSettings = {
				ALWAYS_SEARCH_USER_PATHS = NO;
				CLANG_ANALYZER_NONNULL = YES;
				CLANG_CXX_LANGUAGE_STANDARD = "gnu++0x";
				CLANG_CXX_LIBRARY = "libc++";
				CLANG_ENABLE_MODULES = YES;
				CLANG_ENABLE_OBJC_ARC = YES;
				CLANG_WARN_BOOL_CONVERSION = YES;
				CLANG_WARN_CONSTANT_CONVERSION = YES;
				CLANG_WARN_DIRECT_OBJC_ISA_USAGE = YES_ERROR;
				CLANG_WARN_EMPTY_BODY = YES;
				CLANG_WARN_ENUM_CONVERSION = YES;
				CLANG_WARN_INT_CONVERSION = YES;
				CLANG_WARN_OBJC_ROOT_CLASS = YES_ERROR;
				CLANG_WARN_UNREACHABLE_CODE = YES;
				CLANG_WARN__DUPLICATE_METHOD_MATCH = YES;
				CODE_SIGN_IDENTITY = "iPhone Developer: kun zhang (4VY7LV2J65)";
				COPY_PHASE_STRIP = NO;
				DEBUG_INFORMATION_FORMAT = "dwarf-with-dsym";
				ENABLE_NS_ASSERTIONS = NO;
				ENABLE_STRICT_OBJC_MSGSEND = YES;
				GCC_C_LANGUAGE_STANDARD = gnu99;
				GCC_NO_COMMON_BLOCKS = YES;
				GCC_WARN_64_TO_32_BIT_CONVERSION = YES;
				GCC_WARN_ABOUT_RETURN_TYPE = YES_ERROR;
				GCC_WARN_UNDECLARED_SELECTOR = YES;
				GCC_WARN_UNINITIALIZED_AUTOS = YES_AGGRESSIVE;
				GCC_WARN_UNUSED_FUNCTION = YES;
				GCC_WARN_UNUSED_VARIABLE = YES;
				IPHONEOS_DEPLOYMENT_TARGET = 9.3;
				MTL_ENABLE_DEBUG_INFO = NO;
				SDKROOT = iphoneos;
				VALIDATE_PRODUCT = YES;
			};
			name = Release;
		};
		CF5303AF1CE9842200E72829 /* Debug */ = {
			isa = XCBuildConfiguration;
			buildSettings = {
				ASSETCATALOG_COMPILER_APPICON_NAME = AppIcon;
				INFOPLIST_FILE = GoodLuck/Info.plist;
				LD_RUNPATH_SEARCH_PATHS = "$(inherited) @executable_path/Frameworks";
				PRODUCT_BUNDLE_IDENTIFIER = com.bj.y.GoodLuck;
				PRODUCT_NAME = "$(TARGET_NAME)";
			};
			name = Debug;
		};
		CF5303B01CE9842200E72829 /* Release */ = {
			isa = XCBuildConfiguration;
			buildSettings = {
				ASSETCATALOG_COMPILER_APPICON_NAME = AppIcon;
				INFOPLIST_FILE = GoodLuck/Info.plist;
				LD_RUNPATH_SEARCH_PATHS = "$(inherited) @executable_path/Frameworks";
				PRODUCT_BUNDLE_IDENTIFIER = com.bj.y.GoodLuck;
				PRODUCT_NAME = "$(TARGET_NAME)";
			};
			name = Release;
		};
/* End XCBuildConfiguration section */

/* Begin XCConfigurationList section */
		CF5303971CE9842100E72829 /* Build configuration list for PBXProject "GoodLuck" */ = {
			isa = XCConfigurationList;
			buildConfigurations = (
				CF5303AC1CE9842200E72829 /* Debug */,
				CF5303AD1CE9842200E72829 /* Release */,
			);
			defaultConfigurationIsVisible = 0;
			defaultConfigurationName = Release;
		};
		CF5303AE1CE9842200E72829 /* Build configuration list for PBXNativeTarget "GoodLuck" */ = {
			isa = XCConfigurationList;
			buildConfigurations = (
				CF5303AF1CE9842200E72829 /* Debug */,
				CF5303B01CE9842200E72829 /* Release */,
			);
			defaultConfigurationIsVisible = 0;
		};
/* End XCConfigurationList section */
	};
	rootObject = CF5303941CE9842100E72829 /* Project object */;
}
