// !$*UTF8*$!
{
	archiveVersion = 1;
	classes = {
	};
	objectVersion = 46;
	objects = {

/* Begin PBXBuildFile section */
		62C10FBEBBAFB27C2370082B /* Pods_GoodLuck.framework in Frameworks */ = {isa = PBXBuildFile; fileRef = 4E1D2949DF3184D735573C8A /* Pods_GoodLuck.framework */; };
		CF0B2EDC1D18FF4800BA6439 /* DataManager.swift in Sources */ = {isa = PBXBuildFile; fileRef = CF0B2EDB1D18FF4800BA6439 /* DataManager.swift */; };
		CF5303A71CE9842200E72829 /* Assets.xcassets in Resources */ = {isa = PBXBuildFile; fileRef = CF5303A61CE9842200E72829 /* Assets.xcassets */; };
		CFB6904B1D12894B00A80A5E /* RandomManager.swift in Sources */ = {isa = PBXBuildFile; fileRef = CFB6904A1D12894B00A80A5E /* RandomManager.swift */; };
		CFBAC63D1CEC4AD00089C4E8 /* AppDelegate.swift in Sources */ = {isa = PBXBuildFile; fileRef = CFBAC63C1CEC4AD00089C4E8 /* AppDelegate.swift */; };
		CFBAC6521CEC500F0089C4E8 /* MainViewController.swift in Sources */ = {isa = PBXBuildFile; fileRef = CFBAC64D1CEC500F0089C4E8 /* MainViewController.swift */; };
		CFBAC6531CEC500F0089C4E8 /* LaunchScreen.storyboard in Resources */ = {isa = PBXBuildFile; fileRef = CFBAC64F1CEC500F0089C4E8 /* LaunchScreen.storyboard */; };
		CFBAC6541CEC500F0089C4E8 /* Main.storyboard in Resources */ = {isa = PBXBuildFile; fileRef = CFBAC6501CEC500F0089C4E8 /* Main.storyboard */; };
		CFBAC6581CEC5E240089C4E8 /* GLDoubleColorModel.swift in Sources */ = {isa = PBXBuildFile; fileRef = CFBAC6571CEC5E240089C4E8 /* GLDoubleColorModel.swift */; };
		CFBAC65D1CEC5FD10089C4E8 /* DBManager.swift in Sources */ = {isa = PBXBuildFile; fileRef = CFBAC65C1CEC5FD10089C4E8 /* DBManager.swift */; };
		CFBAC65F1CEC618D0089C4E8 /* DataUpdateManager.swift in Sources */ = {isa = PBXBuildFile; fileRef = CFBAC65E1CEC618D0089C4E8 /* DataUpdateManager.swift */; };
		CFBAC6611CEC61F90089C4E8 /* AnalysisManager.swift in Sources */ = {isa = PBXBuildFile; fileRef = CFBAC6601CEC61F90089C4E8 /* AnalysisManager.swift */; };
		CFBAC6811CEDCDD20089C4E8 /* Utilities.swift in Sources */ = {isa = PBXBuildFile; fileRef = CFBAC6801CEDCDD20089C4E8 /* Utilities.swift */; };
		CFBAC6901CEEE4410089C4E8 /* EdgePanTransition.swift in Sources */ = {isa = PBXBuildFile; fileRef = CFBAC68B1CEEE4410089C4E8 /* EdgePanTransition.swift */; };
		CFBAC6911CEEE4410089C4E8 /* ElasticShapeLayer.swift in Sources */ = {isa = PBXBuildFile; fileRef = CFBAC68C1CEEE4410089C4E8 /* ElasticShapeLayer.swift */; };
		CFBAC6921CEEE4410089C4E8 /* ElasticTransition.swift in Sources */ = {isa = PBXBuildFile; fileRef = CFBAC68D1CEEE4410089C4E8 /* ElasticTransition.swift */; };
		CFBAC6931CEEE4410089C4E8 /* ElasticTransitionPresentationController.swift in Sources */ = {isa = PBXBuildFile; fileRef = CFBAC68E1CEEE4410089C4E8 /* ElasticTransitionPresentationController.swift */; };
		CFBAC6941CEEE4410089C4E8 /* Util.swift in Sources */ = {isa = PBXBuildFile; fileRef = CFBAC68F1CEEE4410089C4E8 /* Util.swift */; };
		CFBAC6961CEEE5800089C4E8 /* MenuViewController.swift in Sources */ = {isa = PBXBuildFile; fileRef = CFBAC6951CEEE5800089C4E8 /* MenuViewController.swift */; };
		CFBAC6981CEEEBEB0089C4E8 /* BottomSettingViewController.swift in Sources */ = {isa = PBXBuildFile; fileRef = CFBAC6971CEEEBEA0089C4E8 /* BottomSettingViewController.swift */; };
		CFBAC6A41CEF70940089C4E8 /* RoundButton.swift in Sources */ = {isa = PBXBuildFile; fileRef = CFBAC6A31CEF70940089C4E8 /* RoundButton.swift */; };
		CFBAC6A81CF027070089C4E8 /* GLAppConfig.swift in Sources */ = {isa = PBXBuildFile; fileRef = CFBAC6A71CF027070089C4E8 /* GLAppConfig.swift */; };
		CFBAC6AA1CF02DF30089C4E8 /* RoundBallView.swift in Sources */ = {isa = PBXBuildFile; fileRef = CFBAC6A91CF02DF30089C4E8 /* RoundBallView.swift */; };
		CFBAC6AD1CF0B3300089C4E8 /* RoundBallCell.swift in Sources */ = {isa = PBXBuildFile; fileRef = CFBAC6AB1CF0B3300089C4E8 /* RoundBallCell.swift */; };
		CFBAC6AE1CF0B3300089C4E8 /* RoundBallCell.xib in Resources */ = {isa = PBXBuildFile; fileRef = CFBAC6AC1CF0B3300089C4E8 /* RoundBallCell.xib */; };
/* End PBXBuildFile section */

/* Begin PBXFileReference section */
		4E1D2949DF3184D735573C8A /* Pods_GoodLuck.framework */ = {isa = PBXFileReference; explicitFileType = wrapper.framework; includeInIndex = 0; path = Pods_GoodLuck.framework; sourceTree = BUILT_PRODUCTS_DIR; };
		987184D373EA08A8755D1F53 /* Pods-GoodLuck.release.xcconfig */ = {isa = PBXFileReference; includeInIndex = 1; lastKnownFileType = text.xcconfig; name = "Pods-GoodLuck.release.xcconfig"; path = "Pods/Target Support Files/Pods-GoodLuck/Pods-GoodLuck.release.xcconfig"; sourceTree = "<group>"; };
		CF0B2EDB1D18FF4800BA6439 /* DataManager.swift */ = {isa = PBXFileReference; fileEncoding = 4; lastKnownFileType = sourcecode.swift; path = DataManager.swift; sourceTree = "<group>"; };
		CF53039C1CE9842200E72829 /* GoodLuck.app */ = {isa = PBXFileReference; explicitFileType = wrapper.application; includeInIndex = 0; path = GoodLuck.app; sourceTree = BUILT_PRODUCTS_DIR; };
		CF5303A61CE9842200E72829 /* Assets.xcassets */ = {isa = PBXFileReference; lastKnownFileType = folder.assetcatalog; path = Assets.xcassets; sourceTree = "<group>"; };
		CF5303AB1CE9842200E72829 /* Info.plist */ = {isa = PBXFileReference; lastKnownFileType = text.plist.xml; path = Info.plist; sourceTree = "<group>"; };
		CFB6904A1D12894B00A80A5E /* RandomManager.swift */ = {isa = PBXFileReference; fileEncoding = 4; lastKnownFileType = sourcecode.swift; path = RandomManager.swift; sourceTree = "<group>"; };
		CFBAC63C1CEC4AD00089C4E8 /* AppDelegate.swift */ = {isa = PBXFileReference; fileEncoding = 4; lastKnownFileType = sourcecode.swift; path = AppDelegate.swift; sourceTree = "<group>"; };
		CFBAC64D1CEC500F0089C4E8 /* MainViewController.swift */ = {isa = PBXFileReference; fileEncoding = 4; lastKnownFileType = sourcecode.swift; path = MainViewController.swift; sourceTree = "<group>"; };
		CFBAC64F1CEC500F0089C4E8 /* LaunchScreen.storyboard */ = {isa = PBXFileReference; fileEncoding = 4; lastKnownFileType = file.storyboard; path = LaunchScreen.storyboard; sourceTree = "<group>"; };
		CFBAC6501CEC500F0089C4E8 /* Main.storyboard */ = {isa = PBXFileReference; fileEncoding = 4; lastKnownFileType = file.storyboard; path = Main.storyboard; sourceTree = "<group>"; };
		CFBAC6571CEC5E240089C4E8 /* GLDoubleColorModel.swift */ = {isa = PBXFileReference; fileEncoding = 4; lastKnownFileType = sourcecode.swift; path = GLDoubleColorModel.swift; sourceTree = "<group>"; };
		CFBAC65C1CEC5FD10089C4E8 /* DBManager.swift */ = {isa = PBXFileReference; fileEncoding = 4; lastKnownFileType = sourcecode.swift; path = DBManager.swift; sourceTree = "<group>"; };
		CFBAC65E1CEC618D0089C4E8 /* DataUpdateManager.swift */ = {isa = PBXFileReference; fileEncoding = 4; lastKnownFileType = sourcecode.swift; path = DataUpdateManager.swift; sourceTree = "<group>"; };
		CFBAC6601CEC61F90089C4E8 /* AnalysisManager.swift */ = {isa = PBXFileReference; fileEncoding = 4; lastKnownFileType = sourcecode.swift; path = AnalysisManager.swift; sourceTree = "<group>"; };
		CFBAC6801CEDCDD20089C4E8 /* Utilities.swift */ = {isa = PBXFileReference; fileEncoding = 4; lastKnownFileType = sourcecode.swift; path = Utilities.swift; sourceTree = "<group>"; };
		CFBAC68B1CEEE4410089C4E8 /* EdgePanTransition.swift */ = {isa = PBXFileReference; fileEncoding = 4; lastKnownFileType = sourcecode.swift; path = EdgePanTransition.swift; sourceTree = "<group>"; };
		CFBAC68C1CEEE4410089C4E8 /* ElasticShapeLayer.swift */ = {isa = PBXFileReference; fileEncoding = 4; lastKnownFileType = sourcecode.swift; path = ElasticShapeLayer.swift; sourceTree = "<group>"; };
		CFBAC68D1CEEE4410089C4E8 /* ElasticTransition.swift */ = {isa = PBXFileReference; fileEncoding = 4; lastKnownFileType = sourcecode.swift; path = ElasticTransition.swift; sourceTree = "<group>"; };
		CFBAC68E1CEEE4410089C4E8 /* ElasticTransitionPresentationController.swift */ = {isa = PBXFileReference; fileEncoding = 4; lastKnownFileType = sourcecode.swift; path = ElasticTransitionPresentationController.swift; sourceTree = "<group>"; };
		CFBAC68F1CEEE4410089C4E8 /* Util.swift */ = {isa = PBXFileReference; fileEncoding = 4; lastKnownFileType = sourcecode.swift; path = Util.swift; sourceTree = "<group>"; };
		CFBAC6951CEEE5800089C4E8 /* MenuViewController.swift */ = {isa = PBXFileReference; fileEncoding = 4; lastKnownFileType = sourcecode.swift; path = MenuViewController.swift; sourceTree = "<group>"; };
		CFBAC6971CEEEBEA0089C4E8 /* BottomSettingViewController.swift */ = {isa = PBXFileReference; fileEncoding = 4; lastKnownFileType = sourcecode.swift; path = BottomSettingViewController.swift; sourceTree = "<group>"; };
		CFBAC6A31CEF70940089C4E8 /* RoundButton.swift */ = {isa = PBXFileReference; fileEncoding = 4; lastKnownFileType = sourcecode.swift; path = RoundButton.swift; sourceTree = "<group>"; };
		CFBAC6A71CF027070089C4E8 /* GLAppConfig.swift */ = {isa = PBXFileReference; fileEncoding = 4; lastKnownFileType = sourcecode.swift; path = GLAppConfig.swift; sourceTree = "<group>"; };
		CFBAC6A91CF02DF30089C4E8 /* RoundBallView.swift */ = {isa = PBXFileReference; fileEncoding = 4; lastKnownFileType = sourcecode.swift; path = RoundBallView.swift; sourceTree = "<group>"; };
		CFBAC6AB1CF0B3300089C4E8 /* RoundBallCell.swift */ = {isa = PBXFileReference; fileEncoding = 4; lastKnownFileType = sourcecode.swift; path = RoundBallCell.swift; sourceTree = "<group>"; };
		CFBAC6AC1CF0B3300089C4E8 /* RoundBallCell.xib */ = {isa = PBXFileReference; fileEncoding = 4; lastKnownFileType = file.xib; path = RoundBallCell.xib; sourceTree = "<group>"; };
		E540AAE15EFFCAF6FE5B2CF5 /* Pods-GoodLuck.debug.xcconfig */ = {isa = PBXFileReference; includeInIndex = 1; lastKnownFileType = text.xcconfig; name = "Pods-GoodLuck.debug.xcconfig"; path = "Pods/Target Support Files/Pods-GoodLuck/Pods-GoodLuck.debug.xcconfig"; sourceTree = "<group>"; };
/* End PBXFileReference section */

/* Begin PBXFrameworksBuildPhase section */
		CF5303991CE9842100E72829 /* Frameworks */ = {
			isa = PBXFrameworksBuildPhase;
			buildActionMask = 2147483647;
			files = (
				62C10FBEBBAFB27C2370082B /* Pods_GoodLuck.framework in Frameworks */,
			);
			runOnlyForDeploymentPostprocessing = 0;
		};
/* End PBXFrameworksBuildPhase section */

/* Begin PBXGroup section */
		0A553630F114A315CD587AB9 /* Pods */ = {
			isa = PBXGroup;
			children = (
				E540AAE15EFFCAF6FE5B2CF5 /* Pods-GoodLuck.debug.xcconfig */,
				987184D373EA08A8755D1F53 /* Pods-GoodLuck.release.xcconfig */,
			);
			name = Pods;
			sourceTree = "<group>";
		};
		CF5303931CE9842100E72829 = {
			isa = PBXGroup;
			children = (
				CF53039E1CE9842200E72829 /* GoodLuck */,
				CF53039D1CE9842200E72829 /* Products */,
				0A553630F114A315CD587AB9 /* Pods */,
				E7B24C4B482775119083E332 /* Frameworks */,
			);
			sourceTree = "<group>";
		};
		CF53039D1CE9842200E72829 /* Products */ = {
			isa = PBXGroup;
			children = (
				CF53039C1CE9842200E72829 /* GoodLuck.app */,
			);
			name = Products;
			sourceTree = "<group>";
		};
		CF53039E1CE9842200E72829 /* GoodLuck */ = {
			isa = PBXGroup;
			children = (
				CFBAC63E1CEC4B0C0089C4E8 /* AppConfig */,
				CFBAC63B1CEC4ABA0089C4E8 /* AppDelegate */,
				CFBAC6551CEC50430089C4E8 /* Common */,
				CFBAC6441CEC4D7C0089C4E8 /* Venders */,
				CFBAC6511CEC500F0089C4E8 /* Views */,
				CFBAC64E1CEC500F0089C4E8 /* Storyboads */,
				CFBAC64C1CEC500F0089C4E8 /* Controllers */,
				CFBAC65B1CEC5FD10089C4E8 /* Business */,
				CFBAC6401CEC4C9A0089C4E8 /* API */,
				CF5303A61CE9842200E72829 /* Assets.xcassets */,
				CF5303AB1CE9842200E72829 /* Info.plist */,
			);
			path = GoodLuck;
			sourceTree = "<group>";
		};
		CFBAC63B1CEC4ABA0089C4E8 /* AppDelegate */ = {
			isa = PBXGroup;
			children = (
				CFBAC63C1CEC4AD00089C4E8 /* AppDelegate.swift */,
			);
			path = AppDelegate;
			sourceTree = "<group>";
		};
		CFBAC63E1CEC4B0C0089C4E8 /* AppConfig */ = {
			isa = PBXGroup;
			children = (
				CFBAC6A71CF027070089C4E8 /* GLAppConfig.swift */,
			);
			path = AppConfig;
			sourceTree = "<group>";
		};
		CFBAC6401CEC4C9A0089C4E8 /* API */ = {
			isa = PBXGroup;
			children = (
				CFBAC6561CEC51480089C4E8 /* Models */,
			);
			path = API;
			sourceTree = "<group>";
		};
		CFBAC6441CEC4D7C0089C4E8 /* Venders */ = {
			isa = PBXGroup;
			children = (
				CFBAC68A1CEEE4410089C4E8 /* ElasticTransition */,
			);
			path = Venders;
			sourceTree = "<group>";
		};
		CFBAC64C1CEC500F0089C4E8 /* Controllers */ = {
			isa = PBXGroup;
			children = (
				CFBAC64D1CEC500F0089C4E8 /* MainViewController.swift */,
				CFBAC6951CEEE5800089C4E8 /* MenuViewController.swift */,
				CFBAC6971CEEEBEA0089C4E8 /* BottomSettingViewController.swift */,
			);
			path = Controllers;
			sourceTree = "<group>";
		};
		CFBAC64E1CEC500F0089C4E8 /* Storyboads */ = {
			isa = PBXGroup;
			children = (
				CFBAC64F1CEC500F0089C4E8 /* LaunchScreen.storyboard */,
				CFBAC6501CEC500F0089C4E8 /* Main.storyboard */,
			);
			path = Storyboads;
			sourceTree = "<group>";
		};
		CFBAC6511CEC500F0089C4E8 /* Views */ = {
			isa = PBXGroup;
			children = (
				CFBAC6A31CEF70940089C4E8 /* RoundButton.swift */,
				CFBAC6A91CF02DF30089C4E8 /* RoundBallView.swift */,
				CFBAC6AB1CF0B3300089C4E8 /* RoundBallCell.swift */,
				CFBAC6AC1CF0B3300089C4E8 /* RoundBallCell.xib */,
			);
			path = Views;
			sourceTree = "<group>";
		};
		CFBAC6551CEC50430089C4E8 /* Common */ = {
			isa = PBXGroup;
			children = (
				CFBAC6801CEDCDD20089C4E8 /* Utilities.swift */,
			);
			path = Common;
			sourceTree = "<group>";
		};
		CFBAC6561CEC51480089C4E8 /* Models */ = {
			isa = PBXGroup;
			children = (
				CFBAC6571CEC5E240089C4E8 /* GLDoubleColorModel.swift */,
			);
			path = Models;
			sourceTree = "<group>";
		};
		CFBAC65B1CEC5FD10089C4E8 /* Business */ = {
			isa = PBXGroup;
			children = (
				CFBAC65C1CEC5FD10089C4E8 /* DBManager.swift */,
				CFBAC65E1CEC618D0089C4E8 /* DataUpdateManager.swift */,
				CFBAC6601CEC61F90089C4E8 /* AnalysisManager.swift */,
				CFB6904A1D12894B00A80A5E /* RandomManager.swift */,
				CF0B2EDB1D18FF4800BA6439 /* DataManager.swift */,
			);
			path = Business;
			sourceTree = "<group>";
		};
		CFBAC68A1CEEE4410089C4E8 /* ElasticTransition */ = {
			isa = PBXGroup;
			children = (
				CFBAC68B1CEEE4410089C4E8 /* EdgePanTransition.swift */,
				CFBAC68C1CEEE4410089C4E8 /* ElasticShapeLayer.swift */,
				CFBAC68D1CEEE4410089C4E8 /* ElasticTransition.swift */,
				CFBAC68E1CEEE4410089C4E8 /* ElasticTransitionPresentationController.swift */,
				CFBAC68F1CEEE4410089C4E8 /* Util.swift */,
			);
			path = ElasticTransition;
			sourceTree = "<group>";
		};
		E7B24C4B482775119083E332 /* Frameworks */ = {
			isa = PBXGroup;
			children = (
				4E1D2949DF3184D735573C8A /* Pods_GoodLuck.framework */,
			);
			name = Frameworks;
			sourceTree = "<group>";
		};
/* End PBXGroup section */

/* Begin PBXNativeTarget section */
		CF53039B1CE9842100E72829 /* GoodLuck */ = {
			isa = PBXNativeTarget;
			buildConfigurationList = CF5303AE1CE9842200E72829 /* Build configuration list for PBXNativeTarget "GoodLuck" */;
			buildPhases = (
				3D219B98F0C4819ADEE9134D /* 📦 Check Pods Manifest.lock */,
				CF5303981CE9842100E72829 /* Sources */,
				CF5303991CE9842100E72829 /* Frameworks */,
				CF53039A1CE9842100E72829 /* Resources */,
				ED46EA0714AB0B5077BAA69F /* 📦 Embed Pods Frameworks */,
				1A449DF2163A3E21FA41F27F /* 📦 Copy Pods Resources */,
			);
			buildRules = (
			);
			dependencies = (
			);
			name = GoodLuck;
			productName = GoodLuck;
			productReference = CF53039C1CE9842200E72829 /* GoodLuck.app */;
			productType = "com.apple.product-type.application";
		};
/* End PBXNativeTarget section */

/* Begin PBXProject section */
		CF5303941CE9842100E72829 /* Project object */ = {
			isa = PBXProject;
			attributes = {
				LastSwiftUpdateCheck = 0730;
				LastUpgradeCheck = 0730;
				ORGANIZATIONNAME = BJ.y;
				TargetAttributes = {
					CF53039B1CE9842100E72829 = {
						CreatedOnToolsVersion = 7.3.1;
					};
				};
			};
			buildConfigurationList = CF5303971CE9842100E72829 /* Build configuration list for PBXProject "GoodLuck" */;
			compatibilityVersion = "Xcode 3.2";
			developmentRegion = English;
			hasScannedForEncodings = 0;
			knownRegions = (
				en,
				Base,
			);
			mainGroup = CF5303931CE9842100E72829;
			productRefGroup = CF53039D1CE9842200E72829 /* Products */;
			projectDirPath = "";
			projectRoot = "";
			targets = (
				CF53039B1CE9842100E72829 /* GoodLuck */,
			);
		};
/* End PBXProject section */

/* Begin PBXResourcesBuildPhase section */
		CF53039A1CE9842100E72829 /* Resources */ = {
			isa = PBXResourcesBuildPhase;
			buildActionMask = 2147483647;
			files = (
				CFBAC6541CEC500F0089C4E8 /* Main.storyboard in Resources */,
				CFBAC6AE1CF0B3300089C4E8 /* RoundBallCell.xib in Resources */,
				CF5303A71CE9842200E72829 /* Assets.xcassets in Resources */,
				CFBAC6531CEC500F0089C4E8 /* LaunchScreen.storyboard in Resources */,
			);
			runOnlyForDeploymentPostprocessing = 0;
		};
/* End PBXResourcesBuildPhase section */

/* Begin PBXShellScriptBuildPhase section */
		1A449DF2163A3E21FA41F27F /* 📦 Copy Pods Resources */ = {
			isa = PBXShellScriptBuildPhase;
			buildActionMask = 2147483647;
			files = (
			);
			inputPaths = (
			);
			name = "📦 Copy Pods Resources";
			outputPaths = (
			);
			runOnlyForDeploymentPostprocessing = 0;
			shellPath = /bin/sh;
			shellScript = "\"${SRCROOT}/Pods/Target Support Files/Pods-GoodLuck/Pods-GoodLuck-resources.sh\"\n";
			showEnvVarsInLog = 0;
		};
		3D219B98F0C4819ADEE9134D /* 📦 Check Pods Manifest.lock */ = {
			isa = PBXShellScriptBuildPhase;
			buildActionMask = 2147483647;
			files = (
			);
			inputPaths = (
			);
			name = "📦 Check Pods Manifest.lock";
			outputPaths = (
			);
			runOnlyForDeploymentPostprocessing = 0;
			shellPath = /bin/sh;
			shellScript = "diff \"${PODS_ROOT}/../Podfile.lock\" \"${PODS_ROOT}/Manifest.lock\" > /dev/null\nif [[ $? != 0 ]] ; then\n    cat << EOM\nerror: The sandbox is not in sync with the Podfile.lock. Run 'pod install' or update your CocoaPods installation.\nEOM\n    exit 1\nfi\n";
			showEnvVarsInLog = 0;
		};
		ED46EA0714AB0B5077BAA69F /* 📦 Embed Pods Frameworks */ = {
			isa = PBXShellScriptBuildPhase;
			buildActionMask = 2147483647;
			files = (
			);
			inputPaths = (
			);
			name = "📦 Embed Pods Frameworks";
			outputPaths = (
			);
			runOnlyForDeploymentPostprocessing = 0;
			shellPath = /bin/sh;
			shellScript = "\"${SRCROOT}/Pods/Target Support Files/Pods-GoodLuck/Pods-GoodLuck-frameworks.sh\"\n";
			showEnvVarsInLog = 0;
		};
/* End PBXShellScriptBuildPhase section */

/* Begin PBXSourcesBuildPhase section */
		CF5303981CE9842100E72829 /* Sources */ = {
			isa = PBXSourcesBuildPhase;
			buildActionMask = 2147483647;
			files = (
				CFBAC6911CEEE4410089C4E8 /* ElasticShapeLayer.swift in Sources */,
				CF0B2EDC1D18FF4800BA6439 /* DataManager.swift in Sources */,
				CFBAC6521CEC500F0089C4E8 /* MainViewController.swift in Sources */,
				CFBAC6921CEEE4410089C4E8 /* ElasticTransition.swift in Sources */,
				CFBAC6901CEEE4410089C4E8 /* EdgePanTransition.swift in Sources */,
				CFBAC6581CEC5E240089C4E8 /* GLDoubleColorModel.swift in Sources */,
				CFBAC6AD1CF0B3300089C4E8 /* RoundBallCell.swift in Sources */,
				CFBAC6811CEDCDD20089C4E8 /* Utilities.swift in Sources */,
				CFBAC6A81CF027070089C4E8 /* GLAppConfig.swift in Sources */,
				CFB6904B1D12894B00A80A5E /* RandomManager.swift in Sources */,
				CFBAC6A41CEF70940089C4E8 /* RoundButton.swift in Sources */,
				CFBAC6931CEEE4410089C4E8 /* ElasticTransitionPresentationController.swift in Sources */,
				CFBAC6961CEEE5800089C4E8 /* MenuViewController.swift in Sources */,
				CFBAC6941CEEE4410089C4E8 /* Util.swift in Sources */,
				CFBAC63D1CEC4AD00089C4E8 /* AppDelegate.swift in Sources */,
				CFBAC6AA1CF02DF30089C4E8 /* RoundBallView.swift in Sources */,
				CFBAC65D1CEC5FD10089C4E8 /* DBManager.swift in Sources */,
				CFBAC65F1CEC618D0089C4E8 /* DataUpdateManager.swift in Sources */,
				CFBAC6981CEEEBEB0089C4E8 /* BottomSettingViewController.swift in Sources */,
				CFBAC6611CEC61F90089C4E8 /* AnalysisManager.swift in Sources */,
			);
			runOnlyForDeploymentPostprocessing = 0;
		};
/* End PBXSourcesBuildPhase section */

/* Begin XCBuildConfiguration section */
		CF5303AC1CE9842200E72829 /* Debug */ = {
			isa = XCBuildConfiguration;
			buildSettings = {
				ALWAYS_SEARCH_USER_PATHS = NO;
				CLANG_ANALYZER_NONNULL = YES;
				CLANG_CXX_LANGUAGE_STANDARD = "gnu++0x";
				CLANG_CXX_LIBRARY = "libc++";
				CLANG_ENABLE_MODULES = YES;
				CLANG_ENABLE_OBJC_ARC = YES;
				CLANG_WARN_BOOL_CONVERSION = YES;
				CLANG_WARN_CONSTANT_CONVERSION = YES;
				CLANG_WARN_DIRECT_OBJC_ISA_USAGE = YES_ERROR;
				CLANG_WARN_EMPTY_BODY = YES;
				CLANG_WARN_ENUM_CONVERSION = YES;
				CLANG_WARN_INT_CONVERSION = YES;
				CLANG_WARN_OBJC_ROOT_CLASS = YES_ERROR;
				CLANG_WARN_UNREACHABLE_CODE = YES;
				CLANG_WARN__DUPLICATE_METHOD_MATCH = YES;
				COPY_PHASE_STRIP = NO;
				DEBUG_INFORMATION_FORMAT = dwarf;
				ENABLE_STRICT_OBJC_MSGSEND = YES;
				ENABLE_TESTABILITY = YES;
				GCC_C_LANGUAGE_STANDARD = gnu99;
				GCC_DYNAMIC_NO_PIC = NO;
				GCC_NO_COMMON_BLOCKS = YES;
				GCC_OPTIMIZATION_LEVEL = 0;
				GCC_PREPROCESSOR_DEFINITIONS = (
					"DEBUG=1",
					"$(inherited)",
				);
				GCC_WARN_64_TO_32_BIT_CONVERSION = YES;
				GCC_WARN_ABOUT_RETURN_TYPE = YES_ERROR;
				GCC_WARN_UNDECLARED_SELECTOR = YES;
				GCC_WARN_UNINITIALIZED_AUTOS = YES_AGGRESSIVE;
				GCC_WARN_UNUSED_FUNCTION = YES;
				GCC_WARN_UNUSED_VARIABLE = YES;
				IPHONEOS_DEPLOYMENT_TARGET = 9.3;
				MTL_ENABLE_DEBUG_INFO = YES;
				ONLY_ACTIVE_ARCH = YES;
				SDKROOT = iphoneos;
				SWIFT_OPTIMIZATION_LEVEL = "-Onone";
			};
			name = Debug;
		};
		CF5303AD1CE9842200E72829 /* Release */ = {
			isa = XCBuildConfiguration;
			buildSettings = {
				ALWAYS_SEARCH_USER_PATHS = NO;
				CLANG_ANALYZER_NONNULL = YES;
				CLANG_CXX_LANGUAGE_STANDARD = "gnu++0x";
				CLANG_CXX_LIBRARY = "libc++";
				CLANG_ENABLE_MODULES = YES;
				CLANG_ENABLE_OBJC_ARC = YES;
				CLANG_WARN_BOOL_CONVERSION = YES;
				CLANG_WARN_CONSTANT_CONVERSION = YES;
				CLANG_WARN_DIRECT_OBJC_ISA_USAGE = YES_ERROR;
				CLANG_WARN_EMPTY_BODY = YES;
				CLANG_WARN_ENUM_CONVERSION = YES;
				CLANG_WARN_INT_CONVERSION = YES;
				CLANG_WARN_OBJC_ROOT_CLASS = YES_ERROR;
				CLANG_WARN_UNREACHABLE_CODE = YES;
				CLANG_WARN__DUPLICATE_METHOD_MATCH = YES;
				COPY_PHASE_STRIP = NO;
				DEBUG_INFORMATION_FORMAT = "dwarf-with-dsym";
				ENABLE_NS_ASSERTIONS = NO;
				ENABLE_STRICT_OBJC_MSGSEND = YES;
				GCC_C_LANGUAGE_STANDARD = gnu99;
				GCC_NO_COMMON_BLOCKS = YES;
				GCC_WARN_64_TO_32_BIT_CONVERSION = YES;
				GCC_WARN_ABOUT_RETURN_TYPE = YES_ERROR;
				GCC_WARN_UNDECLARED_SELECTOR = YES;
				GCC_WARN_UNINITIALIZED_AUTOS = YES_AGGRESSIVE;
				GCC_WARN_UNUSED_FUNCTION = YES;
				GCC_WARN_UNUSED_VARIABLE = YES;
				IPHONEOS_DEPLOYMENT_TARGET = 9.3;
				MTL_ENABLE_DEBUG_INFO = NO;
				SDKROOT = iphoneos;
				VALIDATE_PRODUCT = YES;
			};
			name = Release;
		};
		CF5303AF1CE9842200E72829 /* Debug */ = {
			isa = XCBuildConfiguration;
			baseConfigurationReference = E540AAE15EFFCAF6FE5B2CF5 /* Pods-GoodLuck.debug.xcconfig */;
			buildSettings = {
				ASSETCATALOG_COMPILER_APPICON_NAME = AppIcon;
				CODE_SIGN_IDENTITY = "iPhone Developer";
				INFOPLIST_FILE = GoodLuck/Info.plist;
				IPHONEOS_DEPLOYMENT_TARGET = 9.3;
				LD_RUNPATH_SEARCH_PATHS = "$(inherited) @executable_path/Frameworks";
				PRODUCT_BUNDLE_IDENTIFIER = com.bj.y.GoodLuck;
				PRODUCT_NAME = "$(TARGET_NAME)";
			};
			name = Debug;
		};
		CF5303B01CE9842200E72829 /* Release */ = {
			isa = XCBuildConfiguration;
			baseConfigurationReference = 987184D373EA08A8755D1F53 /* Pods-GoodLuck.release.xcconfig */;
			buildSettings = {
				ASSETCATALOG_COMPILER_APPICON_NAME = AppIcon;
				CODE_SIGN_IDENTITY = "iPhone Developer";
				INFOPLIST_FILE = GoodLuck/Info.plist;
				IPHONEOS_DEPLOYMENT_TARGET = 9.3;
				LD_RUNPATH_SEARCH_PATHS = "$(inherited) @executable_path/Frameworks";
				PRODUCT_BUNDLE_IDENTIFIER = com.bj.y.GoodLuck;
				PRODUCT_NAME = "$(TARGET_NAME)";
			};
			name = Release;
		};
/* End XCBuildConfiguration section */

/* Begin XCConfigurationList section */
		CF5303971CE9842100E72829 /* Build configuration list for PBXProject "GoodLuck" */ = {
			isa = XCConfigurationList;
			buildConfigurations = (
				CF5303AC1CE9842200E72829 /* Debug */,
				CF5303AD1CE9842200E72829 /* Release */,
			);
			defaultConfigurationIsVisible = 0;
			defaultConfigurationName = Release;
		};
		CF5303AE1CE9842200E72829 /* Build configuration list for PBXNativeTarget "GoodLuck" */ = {
			isa = XCConfigurationList;
			buildConfigurations = (
				CF5303AF1CE9842200E72829 /* Debug */,
				CF5303B01CE9842200E72829 /* Release */,
			);
			defaultConfigurationIsVisible = 0;
			defaultConfigurationName = Release;
		};
/* End XCConfigurationList section */
	};
	rootObject = CF5303941CE9842100E72829 /* Project object */;
}
