PODS:
  - Alamofire (3.4.0)
  - AsyncSwift (1.7.2)
  - Realm (0.102.1):
    - Realm/Headers (= 0.102.1)
  - Realm/Headers (0.102.1)
  - RealmSwift (0.102.1):
    - Realm (= 0.102.1)

DEPENDENCIES:
  - Alamofire (~> 3.4)
  - AsyncSwift (~> 1.7.2)
  - RealmSwift (~> 0.102.1)

SPEC CHECKSUMS:
  Alamofire: c19a627cefd6a95f840401c49ab1f124e07f54ee
  AsyncSwift: 46a78bceb11f0e5bb52747f740d9692ec78d2d7c
  Realm: 5254be610db3e5024879684717bf038990bb59ec
  RealmSwift: 3e24e6bcf56d98ccc134f4909e00839b81a659af

PODFILE CHECKSUM: 001a773a40d96f95de664a109467fb258d75229e

COCOAPODS: 1.0.0
